// !$*UTF8*$!
{
	archiveVersion = 1;
	classes = {
	};
	objectVersion = 46;
	objects = {

/* Begin PBXBuildFile section */
		4C0F5BD11EE9359100C7EDBF /* FontAwesome.framework in Frameworks */ = {isa = PBXBuildFile; fileRef = 4C0F5BD01EE9359100C7EDBF /* FontAwesome.framework */; };
		4C0F5BD31EE9377100C7EDBF /* FontAwesome.framework in Embed Frameworks */ = {isa = PBXBuildFile; fileRef = 4C0F5BD01EE9359100C7EDBF /* FontAwesome.framework */; settings = {ATTRIBUTES = (CodeSignOnCopy, RemoveHeadersOnCopy, ); }; };
		4C0F5BD61EE93ABC00C7EDBF /* User.swift in Sources */ = {isa = PBXBuildFile; fileRef = 4C0F5BD51EE93ABC00C7EDBF /* User.swift */; };
		4C0F5BD81EE952E800C7EDBF /* ServiceCategory.swift in Sources */ = {isa = PBXBuildFile; fileRef = 4C0F5BD71EE952E800C7EDBF /* ServiceCategory.swift */; };
		4C0F5C141EE9598B00C7EDBF /* Nearask.ttf in Resources */ = {isa = PBXBuildFile; fileRef = 4C0F5BF61EE9590600C7EDBF /* Nearask.ttf */; };
		4C1C79F61EE5436500897B3A /* AppDelegate.swift in Sources */ = {isa = PBXBuildFile; fileRef = 4C1C79F51EE5436500897B3A /* AppDelegate.swift */; };
		4C1C79F81EE5436500897B3A /* LoginViewController.swift in Sources */ = {isa = PBXBuildFile; fileRef = 4C1C79F71EE5436500897B3A /* LoginViewController.swift */; };
		4C1C79FB1EE5436500897B3A /* Main.storyboard in Resources */ = {isa = PBXBuildFile; fileRef = 4C1C79F91EE5436500897B3A /* Main.storyboard */; };
		4C1C79FD1EE5436500897B3A /* Assets.xcassets in Resources */ = {isa = PBXBuildFile; fileRef = 4C1C79FC1EE5436500897B3A /* Assets.xcassets */; };
		4C1C7A001EE5436500897B3A /* LaunchScreen.storyboard in Resources */ = {isa = PBXBuildFile; fileRef = 4C1C79FE1EE5436500897B3A /* LaunchScreen.storyboard */; };
		4C1C7A0B1EE5436600897B3A /* nearaskAdminTests.swift in Sources */ = {isa = PBXBuildFile; fileRef = 4C1C7A0A1EE5436600897B3A /* nearaskAdminTests.swift */; };
		4C1C7A161EE5436600897B3A /* nearaskAdminUITests.swift in Sources */ = {isa = PBXBuildFile; fileRef = 4C1C7A151EE5436600897B3A /* nearaskAdminUITests.swift */; };
		4C6818FC1EEFEB0C00A9A690 /* SDWebImage.framework in Frameworks */ = {isa = PBXBuildFile; fileRef = 4C6818FB1EEFEB0C00A9A690 /* SDWebImage.framework */; };
		4C6818FD1EEFEB2200A9A690 /* SDWebImage.framework in Embed Frameworks */ = {isa = PBXBuildFile; fileRef = 4C6818FB1EEFEB0C00A9A690 /* SDWebImage.framework */; settings = {ATTRIBUTES = (CodeSignOnCopy, RemoveHeadersOnCopy, ); }; };
		4C98EF431EEE854C0036043A /* serviceFeed.xib in Resources */ = {isa = PBXBuildFile; fileRef = 4C98EF421EEE854C0036043A /* serviceFeed.xib */; };
		4C98EF451EEE856B0036043A /* serviceFeed.swift in Sources */ = {isa = PBXBuildFile; fileRef = 4C98EF441EEE856B0036043A /* serviceFeed.swift */; };
		4CBBA4C51EEE4C9F00F42CA3 /* FeedsTableViewController.swift in Sources */ = {isa = PBXBuildFile; fileRef = 4CBBA4C41EEE4C9F00F42CA3 /* FeedsTableViewController.swift */; };
		4CBE74B61EE909CA0016A37F /* Location.swift in Sources */ = {isa = PBXBuildFile; fileRef = 4CBE74B51EE909CA0016A37F /* Location.swift */; };
		4CBE74B71EE909CA0016A37F /* Location.swift in Sources */ = {isa = PBXBuildFile; fileRef = 4CBE74B51EE909CA0016A37F /* Location.swift */; };
		4CBE74B81EE909CA0016A37F /* Location.swift in Sources */ = {isa = PBXBuildFile; fileRef = 4CBE74B51EE909CA0016A37F /* Location.swift */; };
		4CCC19D41EEA5AD300438CB7 /* Media.swift in Sources */ = {isa = PBXBuildFile; fileRef = 4CCC19D31EEA5AD300438CB7 /* Media.swift */; };
		4CF8EBC81EE65E5D00694E76 /* PostModel.swift in Sources */ = {isa = PBXBuildFile; fileRef = 4CF8EBC71EE65E5D00694E76 /* PostModel.swift */; };
/* End PBXBuildFile section */

/* Begin PBXContainerItemProxy section */
		4C1C7A071EE5436600897B3A /* PBXContainerItemProxy */ = {
			isa = PBXContainerItemProxy;
			containerPortal = 4C1C79EA1EE5436500897B3A /* Project object */;
			proxyType = 1;
			remoteGlobalIDString = 4C1C79F11EE5436500897B3A;
			remoteInfo = nearaskAdmin;
		};
		4C1C7A121EE5436600897B3A /* PBXContainerItemProxy */ = {
			isa = PBXContainerItemProxy;
			containerPortal = 4C1C79EA1EE5436500897B3A /* Project object */;
			proxyType = 1;
			remoteGlobalIDString = 4C1C79F11EE5436500897B3A;
			remoteInfo = nearaskAdmin;
		};
/* End PBXContainerItemProxy section */

/* Begin PBXCopyFilesBuildPhase section */
		4C0F5BD41EE9377100C7EDBF /* Embed Frameworks */ = {
			isa = PBXCopyFilesBuildPhase;
			buildActionMask = 2147483647;
			dstPath = "";
			dstSubfolderSpec = 10;
			files = (
				4C6818FD1EEFEB2200A9A690 /* SDWebImage.framework in Embed Frameworks */,
				4C0F5BD31EE9377100C7EDBF /* FontAwesome.framework in Embed Frameworks */,
			);
			name = "Embed Frameworks";
			runOnlyForDeploymentPostprocessing = 0;
		};
/* End PBXCopyFilesBuildPhase section */

/* Begin PBXFileReference section */
		4C0F5BD01EE9359100C7EDBF /* FontAwesome.framework */ = {isa = PBXFileReference; lastKnownFileType = wrapper.framework; name = FontAwesome.framework; path = Carthage/Build/iOS/FontAwesome.framework; sourceTree = "<group>"; };
		4C0F5BD51EE93ABC00C7EDBF /* User.swift */ = {isa = PBXFileReference; fileEncoding = 4; lastKnownFileType = sourcecode.swift; path = User.swift; sourceTree = "<group>"; };
		4C0F5BD71EE952E800C7EDBF /* ServiceCategory.swift */ = {isa = PBXFileReference; fileEncoding = 4; lastKnownFileType = sourcecode.swift; path = ServiceCategory.swift; sourceTree = "<group>"; };
		4C0F5BF61EE9590600C7EDBF /* Nearask.ttf */ = {isa = PBXFileReference; lastKnownFileType = file; path = Nearask.ttf; sourceTree = "<group>"; };
		4C1C79F21EE5436500897B3A /* nearaskAdmin.app */ = {isa = PBXFileReference; explicitFileType = wrapper.application; includeInIndex = 0; path = nearaskAdmin.app; sourceTree = BUILT_PRODUCTS_DIR; };
		4C1C79F51EE5436500897B3A /* AppDelegate.swift */ = {isa = PBXFileReference; lastKnownFileType = sourcecode.swift; path = AppDelegate.swift; sourceTree = "<group>"; };
		4C1C79F71EE5436500897B3A /* LoginViewController.swift */ = {isa = PBXFileReference; lastKnownFileType = sourcecode.swift; path = LoginViewController.swift; sourceTree = "<group>"; };
		4C1C79FA1EE5436500897B3A /* Base */ = {isa = PBXFileReference; lastKnownFileType = file.storyboard; name = Base; path = Base.lproj/Main.storyboard; sourceTree = "<group>"; };
		4C1C79FC1EE5436500897B3A /* Assets.xcassets */ = {isa = PBXFileReference; lastKnownFileType = folder.assetcatalog; path = Assets.xcassets; sourceTree = "<group>"; };
		4C1C79FF1EE5436500897B3A /* Base */ = {isa = PBXFileReference; lastKnownFileType = file.storyboard; name = Base; path = Base.lproj/LaunchScreen.storyboard; sourceTree = "<group>"; };
		4C1C7A011EE5436500897B3A /* Info.plist */ = {isa = PBXFileReference; lastKnownFileType = text.plist.xml; path = Info.plist; sourceTree = "<group>"; };
		4C1C7A061EE5436600897B3A /* nearaskAdminTests.xctest */ = {isa = PBXFileReference; explicitFileType = wrapper.cfbundle; includeInIndex = 0; path = nearaskAdminTests.xctest; sourceTree = BUILT_PRODUCTS_DIR; };
		4C1C7A0A1EE5436600897B3A /* nearaskAdminTests.swift */ = {isa = PBXFileReference; lastKnownFileType = sourcecode.swift; path = nearaskAdminTests.swift; sourceTree = "<group>"; };
		4C1C7A0C1EE5436600897B3A /* Info.plist */ = {isa = PBXFileReference; lastKnownFileType = text.plist.xml; path = Info.plist; sourceTree = "<group>"; };
		4C1C7A111EE5436600897B3A /* nearaskAdminUITests.xctest */ = {isa = PBXFileReference; explicitFileType = wrapper.cfbundle; includeInIndex = 0; path = nearaskAdminUITests.xctest; sourceTree = BUILT_PRODUCTS_DIR; };
		4C1C7A151EE5436600897B3A /* nearaskAdminUITests.swift */ = {isa = PBXFileReference; lastKnownFileType = sourcecode.swift; path = nearaskAdminUITests.swift; sourceTree = "<group>"; };
		4C1C7A171EE5436600897B3A /* Info.plist */ = {isa = PBXFileReference; lastKnownFileType = text.plist.xml; path = Info.plist; sourceTree = "<group>"; };
		4C6818FB1EEFEB0C00A9A690 /* SDWebImage.framework */ = {isa = PBXFileReference; lastKnownFileType = wrapper.framework; name = SDWebImage.framework; path = Carthage/Build/iOS/SDWebImage.framework; sourceTree = "<group>"; };
		4C98EF421EEE854C0036043A /* serviceFeed.xib */ = {isa = PBXFileReference; fileEncoding = 4; lastKnownFileType = file.xib; path = serviceFeed.xib; sourceTree = "<group>"; };
		4C98EF441EEE856B0036043A /* serviceFeed.swift */ = {isa = PBXFileReference; fileEncoding = 4; lastKnownFileType = sourcecode.swift; path = serviceFeed.swift; sourceTree = "<group>"; };
		4CBBA4C41EEE4C9F00F42CA3 /* FeedsTableViewController.swift */ = {isa = PBXFileReference; fileEncoding = 4; lastKnownFileType = sourcecode.swift; path = FeedsTableViewController.swift; sourceTree = "<group>"; };
		4CBE74B51EE909CA0016A37F /* Location.swift */ = {isa = PBXFileReference; fileEncoding = 4; lastKnownFileType = sourcecode.swift; path = Location.swift; sourceTree = "<group>"; };
		4CCC19D31EEA5AD300438CB7 /* Media.swift */ = {isa = PBXFileReference; fileEncoding = 4; lastKnownFileType = sourcecode.swift; path = Media.swift; sourceTree = "<group>"; };
		4CF8EBC71EE65E5D00694E76 /* PostModel.swift */ = {isa = PBXFileReference; fileEncoding = 4; lastKnownFileType = sourcecode.swift; name = PostModel.swift; path = nearaskAdmin/PostModel.swift; sourceTree = "<group>"; };
/* End PBXFileReference section */

/* Begin PBXFrameworksBuildPhase section */
		4C1C79EF1EE5436500897B3A /* Frameworks */ = {
			isa = PBXFrameworksBuildPhase;
			buildActionMask = 2147483647;
			files = (
				4C6818FC1EEFEB0C00A9A690 /* SDWebImage.framework in Frameworks */,
				4C0F5BD11EE9359100C7EDBF /* FontAwesome.framework in Frameworks */,
			);
			runOnlyForDeploymentPostprocessing = 0;
		};
		4C1C7A031EE5436600897B3A /* Frameworks */ = {
			isa = PBXFrameworksBuildPhase;
			buildActionMask = 2147483647;
			files = (
			);
			runOnlyForDeploymentPostprocessing = 0;
		};
		4C1C7A0E1EE5436600897B3A /* Frameworks */ = {
			isa = PBXFrameworksBuildPhase;
			buildActionMask = 2147483647;
			files = (
			);
			runOnlyForDeploymentPostprocessing = 0;
		};
/* End PBXFrameworksBuildPhase section */

/* Begin PBXGroup section */
		4C1C79E91EE5436500897B3A = {
			isa = PBXGroup;
			children = (
				4C98EF411EEE84E90036043A /* feeds */,
				4C0F5BF61EE9590600C7EDBF /* Nearask.ttf */,
				4C6818FB1EEFEB0C00A9A690 /* SDWebImage.framework */,
				4C0F5BD01EE9359100C7EDBF /* FontAwesome.framework */,
				4CBE74B41EE909B70016A37F /* models */,
				4C1C79F41EE5436500897B3A /* nearaskAdmin */,
				4C1C7A091EE5436600897B3A /* nearaskAdminTests */,
				4C1C7A141EE5436600897B3A /* nearaskAdminUITests */,
				4C1C79F31EE5436500897B3A /* Products */,
			);
			sourceTree = "<group>";
		};
		4C1C79F31EE5436500897B3A /* Products */ = {
			isa = PBXGroup;
			children = (
				4C1C79F21EE5436500897B3A /* nearaskAdmin.app */,
				4C1C7A061EE5436600897B3A /* nearaskAdminTests.xctest */,
				4C1C7A111EE5436600897B3A /* nearaskAdminUITests.xctest */,
			);
			name = Products;
			sourceTree = "<group>";
		};
		4C1C79F41EE5436500897B3A /* nearaskAdmin */ = {
			isa = PBXGroup;
			children = (
				4C1C79F51EE5436500897B3A /* AppDelegate.swift */,
				4C1C79F71EE5436500897B3A /* LoginViewController.swift */,
				4C1C79F91EE5436500897B3A /* Main.storyboard */,
				4C1C79FC1EE5436500897B3A /* Assets.xcassets */,
				4C1C79FE1EE5436500897B3A /* LaunchScreen.storyboard */,
				4C1C7A011EE5436500897B3A /* Info.plist */,
				4CBBA4C41EEE4C9F00F42CA3 /* FeedsTableViewController.swift */,
			);
			path = nearaskAdmin;
			sourceTree = "<group>";
		};
		4C1C7A091EE5436600897B3A /* nearaskAdminTests */ = {
			isa = PBXGroup;
			children = (
				4C1C7A0A1EE5436600897B3A /* nearaskAdminTests.swift */,
				4C1C7A0C1EE5436600897B3A /* Info.plist */,
			);
			path = nearaskAdminTests;
			sourceTree = "<group>";
		};
		4C1C7A141EE5436600897B3A /* nearaskAdminUITests */ = {
			isa = PBXGroup;
			children = (
				4C1C7A151EE5436600897B3A /* nearaskAdminUITests.swift */,
				4C1C7A171EE5436600897B3A /* Info.plist */,
			);
			path = nearaskAdminUITests;
			sourceTree = "<group>";
		};
		4C98EF411EEE84E90036043A /* feeds */ = {
			isa = PBXGroup;
			children = (
				4C98EF421EEE854C0036043A /* serviceFeed.xib */,
				4C98EF441EEE856B0036043A /* serviceFeed.swift */,
			);
			name = feeds;
			sourceTree = "<group>";
		};
		4CBE74B41EE909B70016A37F /* models */ = {
			isa = PBXGroup;
			children = (
				4CF8EBC71EE65E5D00694E76 /* PostModel.swift */,
				4CBE74B51EE909CA0016A37F /* Location.swift */,
				4C0F5BD51EE93ABC00C7EDBF /* User.swift */,
				4C0F5BD71EE952E800C7EDBF /* ServiceCategory.swift */,
				4CCC19D31EEA5AD300438CB7 /* Media.swift */,
			);
			name = models;
			sourceTree = "<group>";
		};
/* End PBXGroup section */

/* Begin PBXNativeTarget section */
		4C1C79F11EE5436500897B3A /* nearaskAdmin */ = {
			isa = PBXNativeTarget;
			buildConfigurationList = 4C1C7A1A1EE5436600897B3A /* Build configuration list for PBXNativeTarget "nearaskAdmin" */;
			buildPhases = (
				4C1C79EE1EE5436500897B3A /* Sources */,
				4C1C79EF1EE5436500897B3A /* Frameworks */,
				4C1C79F01EE5436500897B3A /* Resources */,
				4C0F5BD41EE9377100C7EDBF /* Embed Frameworks */,
			);
			buildRules = (
			);
			dependencies = (
			);
			name = nearaskAdmin;
			productName = nearaskAdmin;
			productReference = 4C1C79F21EE5436500897B3A /* nearaskAdmin.app */;
			productType = "com.apple.product-type.application";
		};
		4C1C7A051EE5436600897B3A /* nearaskAdminTests */ = {
			isa = PBXNativeTarget;
			buildConfigurationList = 4C1C7A1D1EE5436600897B3A /* Build configuration list for PBXNativeTarget "nearaskAdminTests" */;
			buildPhases = (
				4C1C7A021EE5436600897B3A /* Sources */,
				4C1C7A031EE5436600897B3A /* Frameworks */,
				4C1C7A041EE5436600897B3A /* Resources */,
			);
			buildRules = (
			);
			dependencies = (
				4C1C7A081EE5436600897B3A /* PBXTargetDependency */,
			);
			name = nearaskAdminTests;
			productName = nearaskAdminTests;
			productReference = 4C1C7A061EE5436600897B3A /* nearaskAdminTests.xctest */;
			productType = "com.apple.product-type.bundle.unit-test";
		};
		4C1C7A101EE5436600897B3A /* nearaskAdminUITests */ = {
			isa = PBXNativeTarget;
			buildConfigurationList = 4C1C7A201EE5436600897B3A /* Build configuration list for PBXNativeTarget "nearaskAdminUITests" */;
			buildPhases = (
				4C1C7A0D1EE5436600897B3A /* Sources */,
				4C1C7A0E1EE5436600897B3A /* Frameworks */,
				4C1C7A0F1EE5436600897B3A /* Resources */,
			);
			buildRules = (
			);
			dependencies = (
				4C1C7A131EE5436600897B3A /* PBXTargetDependency */,
			);
			name = nearaskAdminUITests;
			productName = nearaskAdminUITests;
			productReference = 4C1C7A111EE5436600897B3A /* nearaskAdminUITests.xctest */;
			productType = "com.apple.product-type.bundle.ui-testing";
		};
/* End PBXNativeTarget section */

/* Begin PBXProject section */
		4C1C79EA1EE5436500897B3A /* Project object */ = {
			isa = PBXProject;
			attributes = {
				LastSwiftUpdateCheck = 0830;
				LastUpgradeCheck = 0830;
				ORGANIZATIONNAME = "Shi Ling";
				TargetAttributes = {
					4C1C79F11EE5436500897B3A = {
						CreatedOnToolsVersion = 8.3.2;
						DevelopmentTeam = WR8QSPKXU2;
						ProvisioningStyle = Automatic;
					};
					4C1C7A051EE5436600897B3A = {
						CreatedOnToolsVersion = 8.3.2;
						DevelopmentTeam = WR8QSPKXU2;
						ProvisioningStyle = Automatic;
						TestTargetID = 4C1C79F11EE5436500897B3A;
					};
					4C1C7A101EE5436600897B3A = {
						CreatedOnToolsVersion = 8.3.2;
						DevelopmentTeam = WR8QSPKXU2;
						ProvisioningStyle = Automatic;
						TestTargetID = 4C1C79F11EE5436500897B3A;
					};
				};
			};
			buildConfigurationList = 4C1C79ED1EE5436500897B3A /* Build configuration list for PBXProject "nearaskAdmin" */;
			compatibilityVersion = "Xcode 3.2";
			developmentRegion = English;
			hasScannedForEncodings = 0;
			knownRegions = (
				en,
				Base,
			);
			mainGroup = 4C1C79E91EE5436500897B3A;
			productRefGroup = 4C1C79F31EE5436500897B3A /* Products */;
			projectDirPath = "";
			projectRoot = "";
			targets = (
				4C1C79F11EE5436500897B3A /* nearaskAdmin */,
				4C1C7A051EE5436600897B3A /* nearaskAdminTests */,
				4C1C7A101EE5436600897B3A /* nearaskAdminUITests */,
			);
		};
/* End PBXProject section */

/* Begin PBXResourcesBuildPhase section */
		4C1C79F01EE5436500897B3A /* Resources */ = {
			isa = PBXResourcesBuildPhase;
			buildActionMask = 2147483647;
			files = (
				4C98EF431EEE854C0036043A /* serviceFeed.xib in Resources */,
				4C0F5C141EE9598B00C7EDBF /* Nearask.ttf in Resources */,
				4C1C7A001EE5436500897B3A /* LaunchScreen.storyboard in Resources */,
				4C1C79FD1EE5436500897B3A /* Assets.xcassets in Resources */,
				4C1C79FB1EE5436500897B3A /* Main.storyboard in Resources */,
			);
			runOnlyForDeploymentPostprocessing = 0;
		};
		4C1C7A041EE5436600897B3A /* Resources */ = {
			isa = PBXResourcesBuildPhase;
			buildActionMask = 2147483647;
			files = (
			);
			runOnlyForDeploymentPostprocessing = 0;
		};
		4C1C7A0F1EE5436600897B3A /* Resources */ = {
			isa = PBXResourcesBuildPhase;
			buildActionMask = 2147483647;
			files = (
			);
			runOnlyForDeploymentPostprocessing = 0;
		};
/* End PBXResourcesBuildPhase section */

/* Begin PBXSourcesBuildPhase section */
		4C1C79EE1EE5436500897B3A /* Sources */ = {
			isa = PBXSourcesBuildPhase;
			buildActionMask = 2147483647;
			files = (
				4C1C79F81EE5436500897B3A /* LoginViewController.swift in Sources */,
				4CBBA4C51EEE4C9F00F42CA3 /* FeedsTableViewController.swift in Sources */,
				4C98EF451EEE856B0036043A /* serviceFeed.swift in Sources */,
				4CF8EBC81EE65E5D00694E76 /* PostModel.swift in Sources */,
				4CBE74B61EE909CA0016A37F /* Location.swift in Sources */,
				4CCC19D41EEA5AD300438CB7 /* Media.swift in Sources */,
				4C1C79F61EE5436500897B3A /* AppDelegate.swift in Sources */,
				4C0F5BD61EE93ABC00C7EDBF /* User.swift in Sources */,
				4C0F5BD81EE952E800C7EDBF /* ServiceCategory.swift in Sources */,
			);
			runOnlyForDeploymentPostprocessing = 0;
		};
		4C1C7A021EE5436600897B3A /* Sources */ = {
			isa = PBXSourcesBuildPhase;
			buildActionMask = 2147483647;
			files = (
				4CBE74B71EE909CA0016A37F /* Location.swift in Sources */,
				4C1C7A0B1EE5436600897B3A /* nearaskAdminTests.swift in Sources */,
			);
			runOnlyForDeploymentPostprocessing = 0;
		};
		4C1C7A0D1EE5436600897B3A /* Sources */ = {
			isa = PBXSourcesBuildPhase;
			buildActionMask = 2147483647;
			files = (
				4CBE74B81EE909CA0016A37F /* Location.swift in Sources */,
				4C1C7A161EE5436600897B3A /* nearaskAdminUITests.swift in Sources */,
			);
			runOnlyForDeploymentPostprocessing = 0;
		};
/* End PBXSourcesBuildPhase section */

/* Begin PBXTargetDependency section */
		4C1C7A081EE5436600897B3A /* PBXTargetDependency */ = {
			isa = PBXTargetDependency;
			target = 4C1C79F11EE5436500897B3A /* nearaskAdmin */;
			targetProxy = 4C1C7A071EE5436600897B3A /* PBXContainerItemProxy */;
		};
		4C1C7A131EE5436600897B3A /* PBXTargetDependency */ = {
			isa = PBXTargetDependency;
			target = 4C1C79F11EE5436500897B3A /* nearaskAdmin */;
			targetProxy = 4C1C7A121EE5436600897B3A /* PBXContainerItemProxy */;
		};
/* End PBXTargetDependency section */

/* Begin PBXVariantGroup section */
		4C1C79F91EE5436500897B3A /* Main.storyboard */ = {
			isa = PBXVariantGroup;
			children = (
				4C1C79FA1EE5436500897B3A /* Base */,
			);
			name = Main.storyboard;
			sourceTree = "<group>";
		};
		4C1C79FE1EE5436500897B3A /* LaunchScreen.storyboard */ = {
			isa = PBXVariantGroup;
			children = (
				4C1C79FF1EE5436500897B3A /* Base */,
			);
			name = LaunchScreen.storyboard;
			sourceTree = "<group>";
		};
/* End PBXVariantGroup section */

/* Begin XCBuildConfiguration section */
		4C1C7A181EE5436600897B3A /* Debug */ = {
			isa = XCBuildConfiguration;
			buildSettings = {
				ALWAYS_SEARCH_USER_PATHS = NO;
				CLANG_ANALYZER_NONNULL = YES;
				CLANG_ANALYZER_NUMBER_OBJECT_CONVERSION = YES_AGGRESSIVE;
				CLANG_CXX_LANGUAGE_STANDARD = "gnu++0x";
				CLANG_CXX_LIBRARY = "libc++";
				CLANG_ENABLE_MODULES = YES;
				CLANG_ENABLE_OBJC_ARC = YES;
				CLANG_WARN_BOOL_CONVERSION = YES;
				CLANG_WARN_CONSTANT_CONVERSION = YES;
				CLANG_WARN_DIRECT_OBJC_ISA_USAGE = YES_ERROR;
				CLANG_WARN_DOCUMENTATION_COMMENTS = YES;
				CLANG_WARN_EMPTY_BODY = YES;
				CLANG_WARN_ENUM_CONVERSION = YES;
				CLANG_WARN_INFINITE_RECURSION = YES;
				CLANG_WARN_INT_CONVERSION = YES;
				CLANG_WARN_OBJC_ROOT_CLASS = YES_ERROR;
				CLANG_WARN_SUSPICIOUS_MOVE = YES;
				CLANG_WARN_UNREACHABLE_CODE = YES;
				CLANG_WARN__DUPLICATE_METHOD_MATCH = YES;
				"CODE_SIGN_IDENTITY[sdk=iphoneos*]" = "iPhone Developer";
				COPY_PHASE_STRIP = NO;
				DEBUG_INFORMATION_FORMAT = dwarf;
				ENABLE_STRICT_OBJC_MSGSEND = YES;
				ENABLE_TESTABILITY = YES;
				GCC_C_LANGUAGE_STANDARD = gnu99;
				GCC_DYNAMIC_NO_PIC = NO;
				GCC_NO_COMMON_BLOCKS = YES;
				GCC_OPTIMIZATION_LEVEL = 0;
				GCC_PREPROCESSOR_DEFINITIONS = (
					"DEBUG=1",
					"$(inherited)",
				);
				GCC_WARN_64_TO_32_BIT_CONVERSION = YES;
				GCC_WARN_ABOUT_RETURN_TYPE = YES_ERROR;
				GCC_WARN_UNDECLARED_SELECTOR = YES;
				GCC_WARN_UNINITIALIZED_AUTOS = YES_AGGRESSIVE;
				GCC_WARN_UNUSED_FUNCTION = YES;
				GCC_WARN_UNUSED_VARIABLE = YES;
				IPHONEOS_DEPLOYMENT_TARGET = 10.3;
				MTL_ENABLE_DEBUG_INFO = YES;
				ONLY_ACTIVE_ARCH = YES;
				SDKROOT = iphoneos;
				SWIFT_ACTIVE_COMPILATION_CONDITIONS = DEBUG;
				SWIFT_OPTIMIZATION_LEVEL = "-Onone";
				TARGETED_DEVICE_FAMILY = "1,2";
			};
			name = Debug;
		};
		4C1C7A191EE5436600897B3A /* Release */ = {
			isa = XCBuildConfiguration;
			buildSettings = {
				ALWAYS_SEARCH_USER_PATHS = NO;
				CLANG_ANALYZER_NONNULL = YES;
				CLANG_ANALYZER_NUMBER_OBJECT_CONVERSION = YES_AGGRESSIVE;
				CLANG_CXX_LANGUAGE_STANDARD = "gnu++0x";
				CLANG_CXX_LIBRARY = "libc++";
				CLANG_ENABLE_MODULES = YES;
				CLANG_ENABLE_OBJC_ARC = YES;
				CLANG_WARN_BOOL_CONVERSION = YES;
				CLANG_WARN_CONSTANT_CONVERSION = YES;
				CLANG_WARN_DIRECT_OBJC_ISA_USAGE = YES_ERROR;
				CLANG_WARN_DOCUMENTATION_COMMENTS = YES;
				CLANG_WARN_EMPTY_BODY = YES;
				CLANG_WARN_ENUM_CONVERSION = YES;
				CLANG_WARN_INFINITE_RECURSION = YES;
				CLANG_WARN_INT_CONVERSION = YES;
				CLANG_WARN_OBJC_ROOT_CLASS = YES_ERROR;
				CLANG_WARN_SUSPICIOUS_MOVE = YES;
				CLANG_WARN_UNREACHABLE_CODE = YES;
				CLANG_WARN__DUPLICATE_METHOD_MATCH = YES;
				"CODE_SIGN_IDENTITY[sdk=iphoneos*]" = "iPhone Developer";
				COPY_PHASE_STRIP = NO;
				DEBUG_INFORMATION_FORMAT = "dwarf-with-dsym";
				ENABLE_NS_ASSERTIONS = NO;
				ENABLE_STRICT_OBJC_MSGSEND = YES;
				GCC_C_LANGUAGE_STANDARD = gnu99;
				GCC_NO_COMMON_BLOCKS = YES;
				GCC_WARN_64_TO_32_BIT_CONVERSION = YES;
				GCC_WARN_ABOUT_RETURN_TYPE = YES_ERROR;
				GCC_WARN_UNDECLARED_SELECTOR = YES;
				GCC_WARN_UNINITIALIZED_AUTOS = YES_AGGRESSIVE;
				GCC_WARN_UNUSED_FUNCTION = YES;
				GCC_WARN_UNUSED_VARIABLE = YES;
				IPHONEOS_DEPLOYMENT_TARGET = 10.3;
				MTL_ENABLE_DEBUG_INFO = NO;
				SDKROOT = iphoneos;
				SWIFT_OPTIMIZATION_LEVEL = "-Owholemodule";
				TARGETED_DEVICE_FAMILY = "1,2";
				VALIDATE_PRODUCT = YES;
			};
			name = Release;
		};
		4C1C7A1B1EE5436600897B3A /* Debug */ = {
			isa = XCBuildConfiguration;
			buildSettings = {
				ASSETCATALOG_COMPILER_APPICON_NAME = AppIcon;
				DEVELOPMENT_TEAM = WR8QSPKXU2;
				FRAMEWORK_SEARCH_PATHS = (
					"$(inherited)",
					"$(PROJECT_DIR)/Carthage/Build/iOS",
					"$(PROJECT_DIR)/Carthage/Build/watchOS",
				);
				INFOPLIST_FILE = nearaskAdmin/Info.plist;
				LD_RUNPATH_SEARCH_PATHS = "$(inherited) @executable_path/Frameworks";
				PRODUCT_BUNDLE_IDENTIFIER = com.aporigin.nearaskAdmin;
				PRODUCT_NAME = "$(TARGET_NAME)";
				SWIFT_VERSION = 3.0;
			};
			name = Debug;
		};
		4C1C7A1C1EE5436600897B3A /* Release */ = {
			isa = XCBuildConfiguration;
			buildSettings = {
				ASSETCATALOG_COMPILER_APPICON_NAME = AppIcon;
				DEVELOPMENT_TEAM = WR8QSPKXU2;
				FRAMEWORK_SEARCH_PATHS = (
					"$(inherited)",
					"$(PROJECT_DIR)/Carthage/Build/iOS",
					"$(PROJECT_DIR)/Carthage/Build/watchOS",
				);
				INFOPLIST_FILE = nearaskAdmin/Info.plist;
				LD_RUNPATH_SEARCH_PATHS = "$(inherited) @executable_path/Frameworks";
				PRODUCT_BUNDLE_IDENTIFIER = com.aporigin.nearaskAdmin;
				PRODUCT_NAME = "$(TARGET_NAME)";
				SWIFT_VERSION = 3.0;
			};
			name = Release;
		};
		4C1C7A1E1EE5436600897B3A /* Debug */ = {
			isa = XCBuildConfiguration;
			buildSettings = {
				ALWAYS_EMBED_SWIFT_STANDARD_LIBRARIES = YES;
				BUNDLE_LOADER = "$(TEST_HOST)";
				DEVELOPMENT_TEAM = WR8QSPKXU2;
				INFOPLIST_FILE = nearaskAdminTests/Info.plist;
				LD_RUNPATH_SEARCH_PATHS = "$(inherited) @executable_path/Frameworks @loader_path/Frameworks";
				PRODUCT_BUNDLE_IDENTIFIER = com.aporigin.nearaskAdminTests;
				PRODUCT_NAME = "$(TARGET_NAME)";
				SWIFT_VERSION = 3.0;
				TEST_HOST = "$(BUILT_PRODUCTS_DIR)/nearaskAdmin.app/nearaskAdmin";
			};
			name = Debug;
		};
		4C1C7A1F1EE5436600897B3A /* Release */ = {
			isa = XCBuildConfiguration;
			buildSettings = {
				ALWAYS_EMBED_SWIFT_STANDARD_LIBRARIES = YES;
				BUNDLE_LOADER = "$(TEST_HOST)";
				DEVELOPMENT_TEAM = WR8QSPKXU2;
				INFOPLIST_FILE = nearaskAdminTests/Info.plist;
				LD_RUNPATH_SEARCH_PATHS = "$(inherited) @executable_path/Frameworks @loader_path/Frameworks";
				PRODUCT_BUNDLE_IDENTIFIER = com.aporigin.nearaskAdminTests;
				PRODUCT_NAME = "$(TARGET_NAME)";
				SWIFT_VERSION = 3.0;
				TEST_HOST = "$(BUILT_PRODUCTS_DIR)/nearaskAdmin.app/nearaskAdmin";
			};
			name = Release;
		};
		4C1C7A211EE5436600897B3A /* Debug */ = {
			isa = XCBuildConfiguration;
			buildSettings = {
				ALWAYS_EMBED_SWIFT_STANDARD_LIBRARIES = YES;
				DEVELOPMENT_TEAM = WR8QSPKXU2;
				INFOPLIST_FILE = nearaskAdminUITests/Info.plist;
				LD_RUNPATH_SEARCH_PATHS = "$(inherited) @executable_path/Frameworks @loader_path/Frameworks";
				PRODUCT_BUNDLE_IDENTIFIER = com.aporigin.nearaskAdminUITests;
				PRODUCT_NAME = "$(TARGET_NAME)";
				SWIFT_VERSION = 3.0;
				TEST_TARGET_NAME = nearaskAdmin;
			};
			name = Debug;
		};
		4C1C7A221EE5436600897B3A /* Release */ = {
			isa = XCBuildConfiguration;
			buildSettings = {
				ALWAYS_EMBED_SWIFT_STANDARD_LIBRARIES = YES;
				DEVELOPMENT_TEAM = WR8QSPKXU2;
				INFOPLIST_FILE = nearaskAdminUITests/Info.plist;
				LD_RUNPATH_SEARCH_PATHS = "$(inherited) @executable_path/Frameworks @loader_path/Frameworks";
				PRODUCT_BUNDLE_IDENTIFIER = com.aporigin.nearaskAdminUITests;
				PRODUCT_NAME = "$(TARGET_NAME)";
				SWIFT_VERSION = 3.0;
				TEST_TARGET_NAME = nearaskAdmin;
			};
			name = Release;
		};
/* End XCBuildConfiguration section */

/* Begin XCConfigurationList section */
		4C1C79ED1EE5436500897B3A /* Build configuration list for PBXProject "nearaskAdmin" */ = {
			isa = XCConfigurationList;
			buildConfigurations = (
				4C1C7A181EE5436600897B3A /* Debug */,
				4C1C7A191EE5436600897B3A /* Release */,
			);
			defaultConfigurationIsVisible = 0;
			defaultConfigurationName = Release;
		};
		4C1C7A1A1EE5436600897B3A /* Build configuration list for PBXNativeTarget "nearaskAdmin" */ = {
			isa = XCConfigurationList;
			buildConfigurations = (
				4C1C7A1B1EE5436600897B3A /* Debug */,
				4C1C7A1C1EE5436600897B3A /* Release */,
			);
			defaultConfigurationIsVisible = 0;
			defaultConfigurationName = Release;
		};
		4C1C7A1D1EE5436600897B3A /* Build configuration list for PBXNativeTarget "nearaskAdminTests" */ = {
			isa = XCConfigurationList;
			buildConfigurations = (
				4C1C7A1E1EE5436600897B3A /* Debug */,
				4C1C7A1F1EE5436600897B3A /* Release */,
			);
			defaultConfigurationIsVisible = 0;
			defaultConfigurationName = Release;
		};
		4C1C7A201EE5436600897B3A /* Build configuration list for PBXNativeTarget "nearaskAdminUITests" */ = {
			isa = XCConfigurationList;
			buildConfigurations = (
				4C1C7A211EE5436600897B3A /* Debug */,
				4C1C7A221EE5436600897B3A /* Release */,
			);
			defaultConfigurationIsVisible = 0;
			defaultConfigurationName = Release;
		};
/* End XCConfigurationList section */
	};
	rootObject = 4C1C79EA1EE5436500897B3A /* Project object */;
}
